
Microsoft Visual Studio Solution File, Format Version 12.00
# Visual Studio Version 17
VisualStudioVersion = 17.14.36221.1 d17.14
MinimumVisualStudioVersion = 10.0.40219.1
Project("{FAE04EC0-301F-11D3-BF4B-00C04F79EFBC}") = "cruddotnet", "cruddotnet\cruddotnet.csproj", "{EEF5B4C8-A2F6-481E-9107-75CDE1BD556C}"
EndProject
Global
	GlobalSection(SolutionConfigurationPlatforms) = preSolution
		Debug|Any CPU = Debug|Any CPU
		Release|Any CPU = Release|Any CPU
	EndGlobalSection
	GlobalSection(ProjectConfigurationPlatforms) = postSolution
		{EEF5B4C8-A2F6-481E-9107-75CDE1BD556C}.Debug|Any CPU.ActiveCfg = Debug|Any CPU
		{EEF5B4C8-A2F6-481E-9107-75CDE1BD556C}.Debug|Any CPU.Build.0 = Debug|Any CPU
		{EEF5B4C8-A2F6-481E-9107-75CDE1BD556C}.Release|Any CPU.ActiveCfg = Release|Any CPU
		{EEF5B4C8-A2F6-481E-9107-75CDE1BD556C}.Release|Any CPU.Build.0 = Release|Any CPU
	EndGlobalSection
	GlobalSection(SolutionProperties) = preSolution
		HideSolutionNode = FALSE
	EndGlobalSection
	GlobalSection(ExtensibilityGlobals) = postSolution
		SolutionGuid = {18660BEB-B66F-4ADC-94D1-6AE792AC30CC}
	EndGlobalSection
EndGlobal
